<Solution>
  <Project Path="Assembly-CSharp.csproj" />
  <Project Path="PlayFab.csproj" />
  <Project Path="CFXRRuntime.csproj" />
  <Project Path="PlayFabEditorExtensions.csproj" />
  <Project Path="CFXREditor.csproj" />
  <Project Path="NativeGallery.Runtime.csproj" />
  <Project Path="KinoBloom.Runtime.csproj" />
  <Project Path="Assembly-CSharp-firstpass.csproj" />
  <Project Path="ToonyColorsPro.Demo.Editor.csproj" />
  <Project Path="CFXRDemo.csproj" />
  <Project Path="PlayFabSDKEditor.csproj" />
  <Project Path="NativeGallery.Editor.csproj" />
  <Project Path="CFXR.WelcomeScreen.csproj" />
</Solution>
